
Microsoft Visual Studio Solution File, Format Version 12.00
Project("{FAE04EC0-301F-11D3-BF4B-00C04F79EFBC}") = "AdventOfCode", "AdventOfCode\AdventOfCode.csproj", "{4DA8B84C-E154-4A7A-BEED-8CFEA4EC7132}"
EndProject
Project("{2150E333-8FDC-42A3-9474-1A3956D46DE8}") = "Years", "Years", "{1A2577C0-2FD5-4623-ABC3-4DD232698D1C}"
EndProject
Project("{FAE04EC0-301F-11D3-BF4B-00C04F79EFBC}") = "AdventOfCode.2024", "AdventOfCode.2024\AdventOfCode.2024.csproj", "{56DCDD3E-C8DC-480A-8970-1015EDCB8A15}"
EndProject
Global
	GlobalSection(SolutionConfigurationPlatforms) = preSolution
		Debug|Any CPU = Debug|Any CPU
		Release|Any CPU = Release|Any CPU
	EndGlobalSection
	GlobalSection(ProjectConfigurationPlatforms) = postSolution
		{4DA8B84C-E154-4A7A-BEED-8CFEA4EC7132}.Debug|Any CPU.ActiveCfg = Debug|Any CPU
		{4DA8B84C-E154-4A7A-BEED-8CFEA4EC7132}.Debug|Any CPU.Build.0 = Debug|Any CPU
		{4DA8B84C-E154-4A7A-BEED-8CFEA4EC7132}.Release|Any CPU.ActiveCfg = Release|Any CPU
		{4DA8B84C-E154-4A7A-BEED-8CFEA4EC7132}.Release|Any CPU.Build.0 = Release|Any CPU
		{56DCDD3E-C8DC-480A-8970-1015EDCB8A15}.Debug|Any CPU.ActiveCfg = Debug|Any CPU
		{56DCDD3E-C8DC-480A-8970-1015EDCB8A15}.Debug|Any CPU.Build.0 = Debug|Any CPU
		{56DCDD3E-C8DC-480A-8970-1015EDCB8A15}.Release|Any CPU.ActiveCfg = Release|Any CPU
		{56DCDD3E-C8DC-480A-8970-1015EDCB8A15}.Release|Any CPU.Build.0 = Release|Any CPU
	EndGlobalSection
	GlobalSection(NestedProjects) = preSolution
		{56DCDD3E-C8DC-480A-8970-1015EDCB8A15} = {1A2577C0-2FD5-4623-ABC3-4DD232698D1C}
	EndGlobalSection
EndGlobal
